<Solution>
  <Folder Name="/src/">
    <Project Path="src/CopilotNexus.App/CopilotNexus.App.csproj" />
    <Project Path="src/CopilotNexus.Cli/CopilotNexus.Cli.csproj" />
    <Project Path="src/CopilotNexus.Core/CopilotNexus.Core.csproj" />
    <Project Path="src/CopilotNexus.Service/CopilotNexus.Service.csproj" />
    <Project Path="src/CopilotNexus.Updater/CopilotNexus.Updater.csproj" />
  </Folder>
  <Folder Name="/test/">
    <Project Path="test/CopilotNexus.App.Tests/CopilotNexus.App.Tests.csproj" />
    <Project Path="test/CopilotNexus.Core.Tests/CopilotNexus.Core.Tests.csproj" />
    <Project Path="test/CopilotNexus.E2E.Tests/CopilotNexus.E2E.Tests.csproj" />
    <Project Path="test/CopilotNexus.Service.Tests/CopilotNexus.Service.Tests.csproj" />
    <Project Path="test/CopilotNexus.UI.Tests/CopilotNexus.UI.Tests.csproj" />
  </Folder>
</Solution>
